
Microsoft Visual Studio Solution File, Format Version 12.00
# Visual Studio 15
VisualStudioVersion = 15.0.27428.1
MinimumVisualStudioVersion = 10.0.40219.1
Project("{8BC9CEB8-8B4A-11D0-8D11-00A0C91BC942}") = "Анализ", "Анализ\Анализ.vcxproj", "{564984DD-2DBD-4046-B792-9B47535294FB}"
EndProject
Global
	GlobalSection(SolutionConfigurationPlatforms) = preSolution
		Debug|x64 = Debug|x64
		Debug|x86 = Debug|x86
		Release|x64 = Release|x64
		Release|x86 = Release|x86
	EndGlobalSection
	GlobalSection(ProjectConfigurationPlatforms) = postSolution
		{564984DD-2DBD-4046-B792-9B47535294FB}.Debug|x64.ActiveCfg = Debug|x64
		{564984DD-2DBD-4046-B792-9B47535294FB}.Debug|x64.Build.0 = Debug|x64
		{564984DD-2DBD-4046-B792-9B47535294FB}.Debug|x86.ActiveCfg = Debug|Win32
		{564984DD-2DBD-4046-B792-9B47535294FB}.Debug|x86.Build.0 = Debug|Win32
		{564984DD-2DBD-4046-B792-9B47535294FB}.Release|x64.ActiveCfg = Release|x64
		{564984DD-2DBD-4046-B792-9B47535294FB}.Release|x64.Build.0 = Release|x64
		{564984DD-2DBD-4046-B792-9B47535294FB}.Release|x86.ActiveCfg = Release|Win32
		{564984DD-2DBD-4046-B792-9B47535294FB}.Release|x86.Build.0 = Release|Win32
	EndGlobalSection
	GlobalSection(SolutionProperties) = preSolution
		HideSolutionNode = FALSE
	EndGlobalSection
	GlobalSection(ExtensibilityGlobals) = postSolution
		SolutionGuid = {622D8091-1728-4B0E-8A0F-AA02846F4181}
	EndGlobalSection
EndGlobal
